# THIS IS AN AUTOGENERATED FILE. DO NOT EDIT THIS FILE DIRECTLY.
# yarn lockfile v1


abbrev@1:
  version "1.1.0"
  resolved "https://registry.yarnpkg.com/abbrev/-/abbrev-1.1.0.tgz#d0554c2256636e2f56e7c2e5ad183f859428d81f"

asap@~2.0.3:
  version "2.0.5"
  resolved "https://registry.yarnpkg.com/asap/-/asap-2.0.5.tgz#522765b50c3510490e52d7dcfe085ef9ba96958f"

async@^2.4.1:
  version "2.4.1"
  resolved "https://registry.yarnpkg.com/async/-/async-2.4.1.tgz#62a56b279c98a11d0987096a01cc3eeb8eb7bbd7"
  dependencies:
    lodash "^4.14.0"

async@~0.2.9:
  version "0.2.10"
  resolved "https://registry.yarnpkg.com/async/-/async-0.2.10.tgz#b6bbe0b0674b9d719708ca38de8c237cb526c3d1"

classnames@^2.2.3, classnames@^2.2.5:
  version "2.2.5"
  resolved "https://registry.yarnpkg.com/classnames/-/classnames-2.2.5.tgz#fb3801d453467649ef3603c7d61a02bd129bde6d"

config-obj@0.0.1:
  version "0.0.1"
  resolved "https://registry.yarnpkg.com/config-obj/-/config-obj-0.0.1.tgz#bb5d665cb5284dd5781da2af95ad5c8e4da8b79e"

core-js@^1.0.0:
  version "1.2.7"
  resolved "https://registry.yarnpkg.com/core-js/-/core-js-1.2.7.tgz#652294c14651db28fa93bd2d5ff2983a4f08c636"

create-react-class@^15.5.x, create-react-class@^15.6.0:
  version "15.6.0"
  resolved "https://registry.yarnpkg.com/create-react-class/-/create-react-class-15.6.0.tgz#ab448497c26566e1e29413e883207d57cfe7bed4"
  dependencies:
    fbjs "^0.8.9"
    loose-envify "^1.3.1"
    object-assign "^4.1.1"

dateformat@^2.0.0:
  version "2.0.0"
  resolved "https://registry.yarnpkg.com/dateformat/-/dateformat-2.0.0.tgz#2743e3abb5c3fc2462e527dca445e04e9f4dee17"

diff2html@^2.3.0:
  version "2.3.0"
  resolved "https://registry.yarnpkg.com/diff2html/-/diff2html-2.3.0.tgz#375fb0783ca8fa90307749399bc9c75eb7cf6580"
  dependencies:
    diff "^3.2.0"
    hogan.js "^3.0.2"
    whatwg-fetch "^2.0.3"

diff@^3.2.0:
  version "3.2.0"
  resolved "https://registry.yarnpkg.com/diff/-/diff-3.2.0.tgz#c9ce393a4b7cbd0b058a725c93df299027868ff9"

diffsvn2git@^0.1.0:
  version "0.1.0"
  resolved "https://registry.yarnpkg.com/diffsvn2git/-/diffsvn2git-0.1.0.tgz#d24fde67ab93205406e05177a5e6178b89fd6bff"
  dependencies:
    async "^2.4.1"
    dateformat "^2.0.0"
    easy-spawn "0.0.2"
    svn-spawn "^0.1.5"
    xml2js "^0.4.17"

easy-spawn@0.0.2:
  version "0.0.2"
  resolved "https://registry.yarnpkg.com/easy-spawn/-/easy-spawn-0.0.2.tgz#f22440ac025db94ff0fb45a09596cca9a8ece45c"
  dependencies:
    config-obj "0.0.1"

encoding@^0.1.11:
  version "0.1.12"
  resolved "https://registry.yarnpkg.com/encoding/-/encoding-0.1.12.tgz#538b66f3ee62cd1ab51ec323829d1f9480c74beb"
  dependencies:
    iconv-lite "~0.4.13"

fbjs@^0.8.9:
  version "0.8.12"
  resolved "https://registry.yarnpkg.com/fbjs/-/fbjs-0.8.12.tgz#10b5d92f76d45575fd63a217d4ea02bea2f8ed04"
  dependencies:
    core-js "^1.0.0"
    isomorphic-fetch "^2.1.1"
    loose-envify "^1.0.0"
    object-assign "^4.1.0"
    promise "^7.1.1"
    setimmediate "^1.0.5"
    ua-parser-js "^0.7.9"

hogan.js@^3.0.2:
  version "3.0.2"
  resolved "https://registry.yarnpkg.com/hogan.js/-/hogan.js-3.0.2.tgz#4cd9e1abd4294146e7679e41d7898732b02c7bfd"
  dependencies:
    mkdirp "0.3.0"
    nopt "1.0.10"

iconv-lite@~0.4.13:
  version "0.4.18"
  resolved "https://registry.yarnpkg.com/iconv-lite/-/iconv-lite-0.4.18.tgz#23d8656b16aae6742ac29732ea8f0336a4789cf2"

is-stream@^1.0.1:
  version "1.1.0"
  resolved "https://registry.yarnpkg.com/is-stream/-/is-stream-1.1.0.tgz#12d4a3dd4e68e0b79ceb8dbc84173ae80d91ca44"

isomorphic-fetch@^2.1.1:
  version "2.2.1"
  resolved "https://registry.yarnpkg.com/isomorphic-fetch/-/isomorphic-fetch-2.2.1.tgz#611ae1acf14f5e81f729507472819fe9733558a9"
  dependencies:
    node-fetch "^1.0.1"
    whatwg-fetch ">=0.10.0"

js-tokens@^3.0.0:
  version "3.0.1"
  resolved "https://registry.yarnpkg.com/js-tokens/-/js-tokens-3.0.1.tgz#08e9f132484a2c45a30907e9dc4d5567b7f114d7"

loaders.css@^0.1.2:
  version "0.1.2"
  resolved "https://registry.yarnpkg.com/loaders.css/-/loaders.css-0.1.2.tgz#3a9fb43726c73334a38142af9d0629019b658743"

lodash@^4.0.0, lodash@^4.14.0:
  version "4.17.4"
  resolved "https://registry.yarnpkg.com/lodash/-/lodash-4.17.4.tgz#78203a4d1c328ae1d86dca6460e369b57f4055ae"

loose-envify@^1.0.0, loose-envify@^1.1.0, loose-envify@^1.3.1:
  version "1.3.1"
  resolved "https://registry.yarnpkg.com/loose-envify/-/loose-envify-1.3.1.tgz#d1a8ad33fa9ce0e713d65fdd0ac8b748d478c848"
  dependencies:
    js-tokens "^3.0.0"

mkdirp@0.3.0:
  version "0.3.0"
  resolved "https://registry.yarnpkg.com/mkdirp/-/mkdirp-0.3.0.tgz#1bbf5ab1ba827af23575143490426455f481fe1e"

moment@^2.17.1, moment@^2.18.1:
  version "2.18.1"
  resolved "https://registry.yarnpkg.com/moment/-/moment-2.18.1.tgz#c36193dd3ce1c2eed2adb7c802dbbc77a81b1c0f"

node-fetch@^1.0.1:
  version "1.7.1"
  resolved "https://registry.yarnpkg.com/node-fetch/-/node-fetch-1.7.1.tgz#899cb3d0a3c92f952c47f1b876f4c8aeabd400d5"
  dependencies:
    encoding "^0.1.11"
    is-stream "^1.0.1"

nopt@1.0.10:
  version "1.0.10"
  resolved "https://registry.yarnpkg.com/nopt/-/nopt-1.0.10.tgz#6ddd21bd2a31417b92727dd585f8a6f37608ebee"
  dependencies:
    abbrev "1"

object-assign@^4.1.0, object-assign@^4.1.1:
  version "4.1.1"
  resolved "https://registry.yarnpkg.com/object-assign/-/object-assign-4.1.1.tgz#2109adc7965887cfc05cbbd442cac8bfbb360863"

promise@^7.1.1:
  version "7.1.1"
  resolved "https://registry.yarnpkg.com/promise/-/promise-7.1.1.tgz#489654c692616b8aa55b0724fa809bb7db49c5bf"
  dependencies:
    asap "~2.0.3"

prop-types@^15.5.10, prop-types@^15.5.8:
  version "15.5.10"
  resolved "https://registry.yarnpkg.com/prop-types/-/prop-types-15.5.10.tgz#2797dfc3126182e3a95e3dfbb2e893ddd7456154"
  dependencies:
    fbjs "^0.8.9"
    loose-envify "^1.3.1"

react-datepicker@^0.47.0:
  version "0.47.0"
  resolved "https://registry.yarnpkg.com/react-datepicker/-/react-datepicker-0.47.0.tgz#bb002929e870e6bd7c9a92f95d5cd7c95051f629"
  dependencies:
    classnames "^2.2.5"
    moment "^2.17.1"
    prop-types "^15.5.8"
    react-onclickoutside "^5.11.1"
    tether "^1.4.0"

react-loaders@^2.5.0:
  version "2.5.0"
  resolved "https://registry.yarnpkg.com/react-loaders/-/react-loaders-2.5.0.tgz#fb23e9545995a403f8214e893037549aae5088c8"
  dependencies:
    classnames "^2.2.3"
    prop-types "^15.5.8"
    react "^15.4.2"

react-onclickoutside@^5.11.1:
  version "5.11.1"
  resolved "https://registry.yarnpkg.com/react-onclickoutside/-/react-onclickoutside-5.11.1.tgz#00314e52567cf55faba94cabbacd119619070623"
  dependencies:
    create-react-class "^15.5.x"

react@^15.4.2:
  version "15.6.1"
  resolved "https://registry.yarnpkg.com/react/-/react-15.6.1.tgz#baa8434ec6780bde997cdc380b79cd33b96393df"
  dependencies:
    create-react-class "^15.6.0"
    fbjs "^0.8.9"
    loose-envify "^1.1.0"
    object-assign "^4.1.0"
    prop-types "^15.5.10"

sax@0.5.x:
  version "0.5.8"
  resolved "https://registry.yarnpkg.com/sax/-/sax-0.5.8.tgz#d472db228eb331c2506b0e8c15524adb939d12c1"

sax@>=0.6.0:
  version "1.2.2"
  resolved "https://registry.yarnpkg.com/sax/-/sax-1.2.2.tgz#fd8631a23bc7826bef5d871bdb87378c95647828"

setimmediate@^1.0.5:
  version "1.0.5"
  resolved "https://registry.yarnpkg.com/setimmediate/-/setimmediate-1.0.5.tgz#290cbb232e306942d7d7ea9b83732ab7856f8285"

svn-spawn@^0.1.5:
  version "0.1.5"
  resolved "https://registry.yarnpkg.com/svn-spawn/-/svn-spawn-0.1.5.tgz#206b885447e1bb8d6ef2c785b6d182247c0422a5"
  dependencies:
    async "~0.2.9"
    easy-spawn "0.0.2"
    xml2js "~0.2.7"

tether@^1.4.0:
  version "1.4.0"
  resolved "https://registry.yarnpkg.com/tether/-/tether-1.4.0.tgz#0f9fa171f75bf58485d8149e94799d7ae74d1c1a"

ua-parser-js@^0.7.9:
  version "0.7.12"
  resolved "https://registry.yarnpkg.com/ua-parser-js/-/ua-parser-js-0.7.12.tgz#04c81a99bdd5dc52263ea29d24c6bf8d4818a4bb"

whatwg-fetch@>=0.10.0, whatwg-fetch@^2.0.3:
  version "2.0.3"
  resolved "https://registry.yarnpkg.com/whatwg-fetch/-/whatwg-fetch-2.0.3.tgz#9c84ec2dcf68187ff00bc64e1274b442176e1c84"

xml2js@^0.4.17:
  version "0.4.17"
  resolved "https://registry.yarnpkg.com/xml2js/-/xml2js-0.4.17.tgz#17be93eaae3f3b779359c795b419705a8817e868"
  dependencies:
    sax ">=0.6.0"
    xmlbuilder "^4.1.0"

xml2js@~0.2.7:
  version "0.2.8"
  resolved "https://registry.yarnpkg.com/xml2js/-/xml2js-0.2.8.tgz#9b81690931631ff09d1957549faf54f4f980b3c2"
  dependencies:
    sax "0.5.x"

xmlbuilder@^4.1.0:
  version "4.2.1"
  resolved "https://registry.yarnpkg.com/xmlbuilder/-/xmlbuilder-4.2.1.tgz#aa58a3041a066f90eaa16c2f5389ff19f3f461a5"
  dependencies:
    lodash "^4.0.0"
